
Microsoft Visual Studio Solution File, Format Version 12.00
# Visual Studio 15
VisualStudioVersion = 15.0.26228.4
MinimumVisualStudioVersion = 10.0.40219.1
Project("{FAE04EC0-301F-11D3-BF4B-00C04F79EFBC}") = "LearningDotNet", "LearningDotNet\LearningDotNet.csproj", "{F2AD959C-BF41-483C-8C0D-2A4F262E504C}"
EndProject
Project("{FAE04EC0-301F-11D3-BF4B-00C04F79EFBC}") = "LearningThreads", "LearningThreads\LearningThreads.csproj", "{69DCC9F4-716C-4081-BA84-ECCA3B1723D9}"
EndProject
Project("{FAE04EC0-301F-11D3-BF4B-00C04F79EFBC}") = "LearningNull", "LearningNull\LearningNull.csproj", "{81021CCE-794C-466F-AC46-E0342EC8058A}"
EndProject
Global
	GlobalSection(SolutionConfigurationPlatforms) = preSolution
		Debug|Any CPU = Debug|Any CPU
		Release|Any CPU = Release|Any CPU
	EndGlobalSection
	GlobalSection(ProjectConfigurationPlatforms) = postSolution
		{F2AD959C-BF41-483C-8C0D-2A4F262E504C}.Debug|Any CPU.ActiveCfg = Debug|Any CPU
		{F2AD959C-BF41-483C-8C0D-2A4F262E504C}.Debug|Any CPU.Build.0 = Debug|Any CPU
		{F2AD959C-BF41-483C-8C0D-2A4F262E504C}.Release|Any CPU.ActiveCfg = Release|Any CPU
		{F2AD959C-BF41-483C-8C0D-2A4F262E504C}.Release|Any CPU.Build.0 = Release|Any CPU
		{69DCC9F4-716C-4081-BA84-ECCA3B1723D9}.Debug|Any CPU.ActiveCfg = Debug|Any CPU
		{69DCC9F4-716C-4081-BA84-ECCA3B1723D9}.Debug|Any CPU.Build.0 = Debug|Any CPU
		{69DCC9F4-716C-4081-BA84-ECCA3B1723D9}.Release|Any CPU.ActiveCfg = Release|Any CPU
		{69DCC9F4-716C-4081-BA84-ECCA3B1723D9}.Release|Any CPU.Build.0 = Release|Any CPU
		{81021CCE-794C-466F-AC46-E0342EC8058A}.Debug|Any CPU.ActiveCfg = Debug|Any CPU
		{81021CCE-794C-466F-AC46-E0342EC8058A}.Debug|Any CPU.Build.0 = Debug|Any CPU
		{81021CCE-794C-466F-AC46-E0342EC8058A}.Release|Any CPU.ActiveCfg = Release|Any CPU
		{81021CCE-794C-466F-AC46-E0342EC8058A}.Release|Any CPU.Build.0 = Release|Any CPU
	EndGlobalSection
	GlobalSection(SolutionProperties) = preSolution
		HideSolutionNode = FALSE
	EndGlobalSection
EndGlobal
